
Microsoft Visual Studio Solution File, Format Version 12.00
# Visual Studio Version 16
VisualStudioVersion = 16.0.30225.117
MinimumVisualStudioVersion = 10.0.40219.1
Project("{FAE04EC0-301F-11D3-BF4B-00C04F79EFBC}") = "Program 1", "Program 1\Program 1.csproj", "{CD5779EB-D171-4533-9D52-A46627951C16}"
EndProject
Project("{FAE04EC0-301F-11D3-BF4B-00C04F79EFBC}") = "Program2", "Program2\Program2.csproj", "{0F48EE97-AE09-42B9-8CE6-62190900ADDF}"
EndProject
Project("{FAE04EC0-301F-11D3-BF4B-00C04F79EFBC}") = "Program3", "Program3\Program3.csproj", "{F51F2124-99F6-4B3E-90C0-DCE73070C3BE}"
EndProject
Project("{FAE04EC0-301F-11D3-BF4B-00C04F79EFBC}") = "Program4", "Program4\Program4.csproj", "{A83F3DB0-A828-4791-8A85-F663305B2776}"
EndProject
Project("{FAE04EC0-301F-11D3-BF4B-00C04F79EFBC}") = "Program5", "Program5\Program5.csproj", "{1581DC4E-589F-4355-B603-0E22459813D7}"
EndProject
Global
	GlobalSection(SolutionConfigurationPlatforms) = preSolution
		Debug|Any CPU = Debug|Any CPU
		Release|Any CPU = Release|Any CPU
	EndGlobalSection
	GlobalSection(ProjectConfigurationPlatforms) = postSolution
		{CD5779EB-D171-4533-9D52-A46627951C16}.Debug|Any CPU.ActiveCfg = Debug|Any CPU
		{CD5779EB-D171-4533-9D52-A46627951C16}.Debug|Any CPU.Build.0 = Debug|Any CPU
		{CD5779EB-D171-4533-9D52-A46627951C16}.Release|Any CPU.ActiveCfg = Release|Any CPU
		{CD5779EB-D171-4533-9D52-A46627951C16}.Release|Any CPU.Build.0 = Release|Any CPU
		{0F48EE97-AE09-42B9-8CE6-62190900ADDF}.Debug|Any CPU.ActiveCfg = Debug|Any CPU
		{0F48EE97-AE09-42B9-8CE6-62190900ADDF}.Debug|Any CPU.Build.0 = Debug|Any CPU
		{0F48EE97-AE09-42B9-8CE6-62190900ADDF}.Release|Any CPU.ActiveCfg = Release|Any CPU
		{0F48EE97-AE09-42B9-8CE6-62190900ADDF}.Release|Any CPU.Build.0 = Release|Any CPU
		{F51F2124-99F6-4B3E-90C0-DCE73070C3BE}.Debug|Any CPU.ActiveCfg = Debug|Any CPU
		{F51F2124-99F6-4B3E-90C0-DCE73070C3BE}.Debug|Any CPU.Build.0 = Debug|Any CPU
		{F51F2124-99F6-4B3E-90C0-DCE73070C3BE}.Release|Any CPU.ActiveCfg = Release|Any CPU
		{F51F2124-99F6-4B3E-90C0-DCE73070C3BE}.Release|Any CPU.Build.0 = Release|Any CPU
		{A83F3DB0-A828-4791-8A85-F663305B2776}.Debug|Any CPU.ActiveCfg = Debug|Any CPU
		{A83F3DB0-A828-4791-8A85-F663305B2776}.Debug|Any CPU.Build.0 = Debug|Any CPU
		{A83F3DB0-A828-4791-8A85-F663305B2776}.Release|Any CPU.ActiveCfg = Release|Any CPU
		{A83F3DB0-A828-4791-8A85-F663305B2776}.Release|Any CPU.Build.0 = Release|Any CPU
		{1581DC4E-589F-4355-B603-0E22459813D7}.Debug|Any CPU.ActiveCfg = Debug|Any CPU
		{1581DC4E-589F-4355-B603-0E22459813D7}.Debug|Any CPU.Build.0 = Debug|Any CPU
		{1581DC4E-589F-4355-B603-0E22459813D7}.Release|Any CPU.ActiveCfg = Release|Any CPU
		{1581DC4E-589F-4355-B603-0E22459813D7}.Release|Any CPU.Build.0 = Release|Any CPU
	EndGlobalSection
	GlobalSection(SolutionProperties) = preSolution
		HideSolutionNode = FALSE
	EndGlobalSection
	GlobalSection(ExtensibilityGlobals) = postSolution
		SolutionGuid = {AF19C23D-06C1-435A-8C01-296F2DE00E4E}
	EndGlobalSection
EndGlobal
